// !$*UTF8*$!
{
	archiveVersion = 1;
	classes = {
	};
	objectVersion = 46;
	objects = {

/* Begin PBXBuildFile section */
		A3B1A7A41A7D5E3C00E82547 /* main.m in Sources */ = {isa = PBXBuildFile; fileRef = A3B1A7A31A7D5E3C00E82547 /* main.m */; };
		A3B1A7A71A7D5E3C00E82547 /* AppDelegate.m in Sources */ = {isa = PBXBuildFile; fileRef = A3B1A7A61A7D5E3C00E82547 /* AppDelegate.m */; };
		A3B1A7AA1A7D5E3C00E82547 /* ViewController.m in Sources */ = {isa = PBXBuildFile; fileRef = A3B1A7A91A7D5E3C00E82547 /* ViewController.m */; };
		A3B1A7AD1A7D5E3C00E82547 /* Main.storyboard in Resources */ = {isa = PBXBuildFile; fileRef = A3B1A7AB1A7D5E3C00E82547 /* Main.storyboard */; };
		A3B1A7AF1A7D5E3C00E82547 /* Images.xcassets in Resources */ = {isa = PBXBuildFile; fileRef = A3B1A7AE1A7D5E3C00E82547 /* Images.xcassets */; };
		A3B1A7B21A7D5E3C00E82547 /* LaunchScreen.xib in Resources */ = {isa = PBXBuildFile; fileRef = A3B1A7B01A7D5E3C00E82547 /* LaunchScreen.xib */; };
		A3B1A7BE1A7D5E3C00E82547 /* apiTests.m in Sources */ = {isa = PBXBuildFile; fileRef = A3B1A7BD1A7D5E3C00E82547 /* apiTests.m */; };
		A3B1A7C91A7D5E7600E82547 /* BackendApi.m in Sources */ = {isa = PBXBuildFile; fileRef = A3B1A7C81A7D5E7600E82547 /* BackendApi.m */; };
/* End PBXBuildFile section */

/* Begin PBXContainerItemProxy section */
		A3B1A7B81A7D5E3C00E82547 /* PBXContainerItemProxy */ = {
			isa = PBXContainerItemProxy;
			containerPortal = A3B1A7961A7D5E3C00E82547 /* Project object */;
			proxyType = 1;
			remoteGlobalIDString = A3B1A79D1A7D5E3C00E82547;
			remoteInfo = api;
		};
/* End PBXContainerItemProxy section */

/* Begin PBXFileReference section */
		A3B1A79E1A7D5E3C00E82547 /* api.app */ = {isa = PBXFileReference; explicitFileType = wrapper.application; includeInIndex = 0; path = api.app; sourceTree = BUILT_PRODUCTS_DIR; };
		A3B1A7A21A7D5E3C00E82547 /* Info.plist */ = {isa = PBXFileReference; lastKnownFileType = text.plist.xml; path = Info.plist; sourceTree = "<group>"; };
		A3B1A7A31A7D5E3C00E82547 /* main.m */ = {isa = PBXFileReference; lastKnownFileType = sourcecode.c.objc; path = main.m; sourceTree = "<group>"; };
		A3B1A7A51A7D5E3C00E82547 /* AppDelegate.h */ = {isa = PBXFileReference; lastKnownFileType = sourcecode.c.h; path = AppDelegate.h; sourceTree = "<group>"; };
		A3B1A7A61A7D5E3C00E82547 /* AppDelegate.m */ = {isa = PBXFileReference; lastKnownFileType = sourcecode.c.objc; path = AppDelegate.m; sourceTree = "<group>"; };
		A3B1A7A81A7D5E3C00E82547 /* ViewController.h */ = {isa = PBXFileReference; lastKnownFileType = sourcecode.c.h; path = ViewController.h; sourceTree = "<group>"; };
		A3B1A7A91A7D5E3C00E82547 /* ViewController.m */ = {isa = PBXFileReference; lastKnownFileType = sourcecode.c.objc; path = ViewController.m; sourceTree = "<group>"; };
		A3B1A7AC1A7D5E3C00E82547 /* Base */ = {isa = PBXFileReference; lastKnownFileType = file.storyboard; name = Base; path = Base.lproj/Main.storyboard; sourceTree = "<group>"; };
		A3B1A7AE1A7D5E3C00E82547 /* Images.xcassets */ = {isa = PBXFileReference; lastKnownFileType = folder.assetcatalog; path = Images.xcassets; sourceTree = "<group>"; };
		A3B1A7B11A7D5E3C00E82547 /* Base */ = {isa = PBXFileReference; lastKnownFileType = file.xib; name = Base; path = Base.lproj/LaunchScreen.xib; sourceTree = "<group>"; };
		A3B1A7B71A7D5E3C00E82547 /* apiTests.xctest */ = {isa = PBXFileReference; explicitFileType = wrapper.cfbundle; includeInIndex = 0; path = apiTests.xctest; sourceTree = BUILT_PRODUCTS_DIR; };
		A3B1A7BC1A7D5E3C00E82547 /* Info.plist */ = {isa = PBXFileReference; lastKnownFileType = text.plist.xml; path = Info.plist; sourceTree = "<group>"; };
		A3B1A7BD1A7D5E3C00E82547 /* apiTests.m */ = {isa = PBXFileReference; lastKnownFileType = sourcecode.c.objc; path = apiTests.m; sourceTree = "<group>"; };
		A3B1A7C71A7D5E7600E82547 /* BackendApi.h */ = {isa = PBXFileReference; fileEncoding = 4; lastKnownFileType = sourcecode.c.h; path = BackendApi.h; sourceTree = "<group>"; };
		A3B1A7C81A7D5E7600E82547 /* BackendApi.m */ = {isa = PBXFileReference; fileEncoding = 4; indentWidth = 4; lastKnownFileType = sourcecode.c.objc; path = BackendApi.m; sourceTree = "<group>"; tabWidth = 4; };
/* End PBXFileReference section */

/* Begin PBXFrameworksBuildPhase section */
		A3B1A79B1A7D5E3C00E82547 /* Frameworks */ = {
			isa = PBXFrameworksBuildPhase;
			buildActionMask = 2147483647;
			files = (
			);
			runOnlyForDeploymentPostprocessing = 0;
		};
		A3B1A7B41A7D5E3C00E82547 /* Frameworks */ = {
			isa = PBXFrameworksBuildPhase;
			buildActionMask = 2147483647;
			files = (
			);
			runOnlyForDeploymentPostprocessing = 0;
		};
/* End PBXFrameworksBuildPhase section */

/* Begin PBXGroup section */
		A3B1A7951A7D5E3C00E82547 = {
			isa = PBXGroup;
			children = (
				A3B1A7A01A7D5E3C00E82547 /* api */,
				A3B1A7BA1A7D5E3C00E82547 /* apiTests */,
				A3B1A79F1A7D5E3C00E82547 /* Products */,
			);
			sourceTree = "<group>";
		};
		A3B1A79F1A7D5E3C00E82547 /* Products */ = {
			isa = PBXGroup;
			children = (
				A3B1A79E1A7D5E3C00E82547 /* api.app */,
				A3B1A7B71A7D5E3C00E82547 /* apiTests.xctest */,
			);
			name = Products;
			sourceTree = "<group>";
		};
		A3B1A7A01A7D5E3C00E82547 /* api */ = {
			isa = PBXGroup;
			children = (
				A3B1A7A51A7D5E3C00E82547 /* AppDelegate.h */,
				A3B1A7A61A7D5E3C00E82547 /* AppDelegate.m */,
				A3B1A7A81A7D5E3C00E82547 /* ViewController.h */,
				A3B1A7A91A7D5E3C00E82547 /* ViewController.m */,
				A3B1A7AB1A7D5E3C00E82547 /* Main.storyboard */,
				A3B1A7AE1A7D5E3C00E82547 /* Images.xcassets */,
				A3B1A7B01A7D5E3C00E82547 /* LaunchScreen.xib */,
				A3B1A7A11A7D5E3C00E82547 /* Supporting Files */,
				A3B1A7C71A7D5E7600E82547 /* BackendApi.h */,
				A3B1A7C81A7D5E7600E82547 /* BackendApi.m */,
			);
			path = api;
			sourceTree = "<group>";
		};
		A3B1A7A11A7D5E3C00E82547 /* Supporting Files */ = {
			isa = PBXGroup;
			children = (
				A3B1A7A21A7D5E3C00E82547 /* Info.plist */,
				A3B1A7A31A7D5E3C00E82547 /* main.m */,
			);
			name = "Supporting Files";
			sourceTree = "<group>";
		};
		A3B1A7BA1A7D5E3C00E82547 /* apiTests */ = {
			isa = PBXGroup;
			children = (
				A3B1A7BD1A7D5E3C00E82547 /* apiTests.m */,
				A3B1A7BB1A7D5E3C00E82547 /* Supporting Files */,
			);
			path = apiTests;
			sourceTree = "<group>";
		};
		A3B1A7BB1A7D5E3C00E82547 /* Supporting Files */ = {
			isa = PBXGroup;
			children = (
				A3B1A7BC1A7D5E3C00E82547 /* Info.plist */,
			);
			name = "Supporting Files";
			sourceTree = "<group>";
		};
/* End PBXGroup section */

/* Begin PBXNativeTarget section */
		A3B1A79D1A7D5E3C00E82547 /* api */ = {
			isa = PBXNativeTarget;
			buildConfigurationList = A3B1A7C11A7D5E3C00E82547 /* Build configuration list for PBXNativeTarget "api" */;
			buildPhases = (
				A3B1A79A1A7D5E3C00E82547 /* Sources */,
				A3B1A79B1A7D5E3C00E82547 /* Frameworks */,
				A3B1A79C1A7D5E3C00E82547 /* Resources */,
			);
			buildRules = (
			);
			dependencies = (
			);
			name = api;
			productName = api;
			productReference = A3B1A79E1A7D5E3C00E82547 /* api.app */;
			productType = "com.apple.product-type.application";
		};
		A3B1A7B61A7D5E3C00E82547 /* apiTests */ = {
			isa = PBXNativeTarget;
			buildConfigurationList = A3B1A7C41A7D5E3C00E82547 /* Build configuration list for PBXNativeTarget "apiTests" */;
			buildPhases = (
				A3B1A7B31A7D5E3C00E82547 /* Sources */,
				A3B1A7B41A7D5E3C00E82547 /* Frameworks */,
				A3B1A7B51A7D5E3C00E82547 /* Resources */,
			);
			buildRules = (
			);
			dependencies = (
				A3B1A7B91A7D5E3C00E82547 /* PBXTargetDependency */,
			);
			name = apiTests;
			productName = apiTests;
			productReference = A3B1A7B71A7D5E3C00E82547 /* apiTests.xctest */;
			productType = "com.apple.product-type.bundle.unit-test";
		};
/* End PBXNativeTarget section */

/* Begin PBXProject section */
		A3B1A7961A7D5E3C00E82547 /* Project object */ = {
			isa = PBXProject;
			attributes = {
				LastUpgradeCheck = 0610;
				ORGANIZATIONNAME = Jarret;
				TargetAttributes = {
					A3B1A79D1A7D5E3C00E82547 = {
						CreatedOnToolsVersion = 6.1.1;
					};
					A3B1A7B61A7D5E3C00E82547 = {
						CreatedOnToolsVersion = 6.1.1;
						TestTargetID = A3B1A79D1A7D5E3C00E82547;
					};
				};
			};
			buildConfigurationList = A3B1A7991A7D5E3C00E82547 /* Build configuration list for PBXProject "api" */;
			compatibilityVersion = "Xcode 3.2";
			developmentRegion = English;
			hasScannedForEncodings = 0;
			knownRegions = (
				en,
				Base,
			);
			mainGroup = A3B1A7951A7D5E3C00E82547;
			productRefGroup = A3B1A79F1A7D5E3C00E82547 /* Products */;
			projectDirPath = "";
			projectRoot = "";
			targets = (
				A3B1A79D1A7D5E3C00E82547 /* api */,
				A3B1A7B61A7D5E3C00E82547 /* apiTests */,
			);
		};
/* End PBXProject section */

/* Begin PBXResourcesBuildPhase section */
		A3B1A79C1A7D5E3C00E82547 /* Resources */ = {
			isa = PBXResourcesBuildPhase;
			buildActionMask = 2147483647;
			files = (
				A3B1A7AD1A7D5E3C00E82547 /* Main.storyboard in Resources */,
				A3B1A7B21A7D5E3C00E82547 /* LaunchScreen.xib in Resources */,
				A3B1A7AF1A7D5E3C00E82547 /* Images.xcassets in Resources */,
			);
			runOnlyForDeploymentPostprocessing = 0;
		};
		A3B1A7B51A7D5E3C00E82547 /* Resources */ = {
			isa = PBXResourcesBuildPhase;
			buildActionMask = 2147483647;
			files = (
			);
			runOnlyForDeploymentPostprocessing = 0;
		};
/* End PBXResourcesBuildPhase section */

/* Begin PBXSourcesBuildPhase section */
		A3B1A79A1A7D5E3C00E82547 /* Sources */ = {
			isa = PBXSourcesBuildPhase;
			buildActionMask = 2147483647;
			files = (
				A3B1A7AA1A7D5E3C00E82547 /* ViewController.m in Sources */,
				A3B1A7C91A7D5E7600E82547 /* BackendApi.m in Sources */,
				A3B1A7A71A7D5E3C00E82547 /* AppDelegate.m in Sources */,
				A3B1A7A41A7D5E3C00E82547 /* main.m in Sources */,
			);
			runOnlyForDeploymentPostprocessing = 0;
		};
		A3B1A7B31A7D5E3C00E82547 /* Sources */ = {
			isa = PBXSourcesBuildPhase;
			buildActionMask = 2147483647;
			files = (
				A3B1A7BE1A7D5E3C00E82547 /* apiTests.m in Sources */,
			);
			runOnlyForDeploymentPostprocessing = 0;
		};
/* End PBXSourcesBuildPhase section */

/* Begin PBXTargetDependency section */
		A3B1A7B91A7D5E3C00E82547 /* PBXTargetDependency */ = {
			isa = PBXTargetDependency;
			target = A3B1A79D1A7D5E3C00E82547 /* api */;
			targetProxy = A3B1A7B81A7D5E3C00E82547 /* PBXContainerItemProxy */;
		};
/* End PBXTargetDependency section */

/* Begin PBXVariantGroup section */
		A3B1A7AB1A7D5E3C00E82547 /* Main.storyboard */ = {
			isa = PBXVariantGroup;
			children = (
				A3B1A7AC1A7D5E3C00E82547 /* Base */,
			);
			name = Main.storyboard;
			sourceTree = "<group>";
		};
		A3B1A7B01A7D5E3C00E82547 /* LaunchScreen.xib */ = {
			isa = PBXVariantGroup;
			children = (
				A3B1A7B11A7D5E3C00E82547 /* Base */,
			);
			name = LaunchScreen.xib;
			sourceTree = "<group>";
		};
/* End PBXVariantGroup section */

/* Begin XCBuildConfiguration section */
		A3B1A7BF1A7D5E3C00E82547 /* Debug */ = {
			isa = XCBuildConfiguration;
			buildSettings = {
				ALWAYS_SEARCH_USER_PATHS = NO;
				CLANG_CXX_LANGUAGE_STANDARD = "gnu++0x";
				CLANG_CXX_LIBRARY = "libc++";
				CLANG_ENABLE_MODULES = YES;
				CLANG_ENABLE_OBJC_ARC = YES;
				CLANG_WARN_BOOL_CONVERSION = YES;
				CLANG_WARN_CONSTANT_CONVERSION = YES;
				CLANG_WARN_DIRECT_OBJC_ISA_USAGE = YES_ERROR;
				CLANG_WARN_EMPTY_BODY = YES;
				CLANG_WARN_ENUM_CONVERSION = YES;
				CLANG_WARN_INT_CONVERSION = YES;
				CLANG_WARN_OBJC_ROOT_CLASS = YES_ERROR;
				CLANG_WARN_UNREACHABLE_CODE = YES;
				CLANG_WARN__DUPLICATE_METHOD_MATCH = YES;
				"CODE_SIGN_IDENTITY[sdk=iphoneos*]" = "iPhone Developer";
				COPY_PHASE_STRIP = NO;
				ENABLE_STRICT_OBJC_MSGSEND = YES;
				GCC_C_LANGUAGE_STANDARD = gnu99;
				GCC_DYNAMIC_NO_PIC = NO;
				GCC_OPTIMIZATION_LEVEL = 0;
				GCC_PREPROCESSOR_DEFINITIONS = (
					"DEBUG=1",
					"$(inherited)",
				);
				GCC_SYMBOLS_PRIVATE_EXTERN = NO;
				GCC_WARN_64_TO_32_BIT_CONVERSION = YES;
				GCC_WARN_ABOUT_RETURN_TYPE = YES_ERROR;
				GCC_WARN_UNDECLARED_SELECTOR = YES;
				GCC_WARN_UNINITIALIZED_AUTOS = YES_AGGRESSIVE;
				GCC_WARN_UNUSED_FUNCTION = YES;
				GCC_WARN_UNUSED_VARIABLE = YES;
				IPHONEOS_DEPLOYMENT_TARGET = 8.1;
				MTL_ENABLE_DEBUG_INFO = YES;
				ONLY_ACTIVE_ARCH = YES;
				SDKROOT = iphoneos;
			};
			name = Debug;
		};
		A3B1A7C01A7D5E3C00E82547 /* Release */ = {
			isa = XCBuildConfiguration;
			buildSettings = {
				ALWAYS_SEARCH_USER_PATHS = NO;
				CLANG_CXX_LANGUAGE_STANDARD = "gnu++0x";
				CLANG_CXX_LIBRARY = "libc++";
				CLANG_ENABLE_MODULES = YES;
				CLANG_ENABLE_OBJC_ARC = YES;
				CLANG_WARN_BOOL_CONVERSION = YES;
				CLANG_WARN_CONSTANT_CONVERSION = YES;
				CLANG_WARN_DIRECT_OBJC_ISA_USAGE = YES_ERROR;
				CLANG_WARN_EMPTY_BODY = YES;
				CLANG_WARN_ENUM_CONVERSION = YES;
				CLANG_WARN_INT_CONVERSION = YES;
				CLANG_WARN_OBJC_ROOT_CLASS = YES_ERROR;
				CLANG_WARN_UNREACHABLE_CODE = YES;
				CLANG_WARN__DUPLICATE_METHOD_MATCH = YES;
				"CODE_SIGN_IDENTITY[sdk=iphoneos*]" = "iPhone Developer";
				COPY_PHASE_STRIP = YES;
				ENABLE_NS_ASSERTIONS = NO;
				ENABLE_STRICT_OBJC_MSGSEND = YES;
				GCC_C_LANGUAGE_STANDARD = gnu99;
				GCC_WARN_64_TO_32_BIT_CONVERSION = YES;
				GCC_WARN_ABOUT_RETURN_TYPE = YES_ERROR;
				GCC_WARN_UNDECLARED_SELECTOR = YES;
				GCC_WARN_UNINITIALIZED_AUTOS = YES_AGGRESSIVE;
				GCC_WARN_UNUSED_FUNCTION = YES;
				GCC_WARN_UNUSED_VARIABLE = YES;
				IPHONEOS_DEPLOYMENT_TARGET = 8.1;
				MTL_ENABLE_DEBUG_INFO = NO;
				SDKROOT = iphoneos;
				VALIDATE_PRODUCT = YES;
			};
			name = Release;
		};
		A3B1A7C21A7D5E3C00E82547 /* Debug */ = {
			isa = XCBuildConfiguration;
			buildSettings = {
				ASSETCATALOG_COMPILER_APPICON_NAME = AppIcon;
				INFOPLIST_FILE = api/Info.plist;
				IPHONEOS_DEPLOYMENT_TARGET = 6.0;
				LD_RUNPATH_SEARCH_PATHS = "$(inherited) @executable_path/Frameworks";
				PRODUCT_NAME = "$(TARGET_NAME)";
			};
			name = Debug;
		};
		A3B1A7C31A7D5E3C00E82547 /* Release */ = {
			isa = XCBuildConfiguration;
			buildSettings = {
				ASSETCATALOG_COMPILER_APPICON_NAME = AppIcon;
				INFOPLIST_FILE = api/Info.plist;
				IPHONEOS_DEPLOYMENT_TARGET = 6.0;
				LD_RUNPATH_SEARCH_PATHS = "$(inherited) @executable_path/Frameworks";
				PRODUCT_NAME = "$(TARGET_NAME)";
			};
			name = Release;
		};
		A3B1A7C51A7D5E3C00E82547 /* Debug */ = {
			isa = XCBuildConfiguration;
			buildSettings = {
				BUNDLE_LOADER = "$(TEST_HOST)";
				FRAMEWORK_SEARCH_PATHS = (
					"$(SDKROOT)/Developer/Library/Frameworks",
					"$(inherited)",
				);
				GCC_PREPROCESSOR_DEFINITIONS = (
					"DEBUG=1",
					"$(inherited)",
				);
				INFOPLIST_FILE = apiTests/Info.plist;
				LD_RUNPATH_SEARCH_PATHS = "$(inherited) @executable_path/Frameworks @loader_path/Frameworks";
				PRODUCT_NAME = "$(TARGET_NAME)";
				TEST_HOST = "$(BUILT_PRODUCTS_DIR)/api.app/api";
			};
			name = Debug;
		};
		A3B1A7C61A7D5E3C00E82547 /* Release */ = {
			isa = XCBuildConfiguration;
			buildSettings = {
				BUNDLE_LOADER = "$(TEST_HOST)";
				FRAMEWORK_SEARCH_PATHS = (
					"$(SDKROOT)/Developer/Library/Frameworks",
					"$(inherited)",
				);
				INFOPLIST_FILE = apiTests/Info.plist;
				LD_RUNPATH_SEARCH_PATHS = "$(inherited) @executable_path/Frameworks @loader_path/Frameworks";
				PRODUCT_NAME = "$(TARGET_NAME)";
				TEST_HOST = "$(BUILT_PRODUCTS_DIR)/api.app/api";
			};
			name = Release;
		};
/* End XCBuildConfiguration section */

/* Begin XCConfigurationList section */
		A3B1A7991A7D5E3C00E82547 /* Build configuration list for PBXProject "api" */ = {
			isa = XCConfigurationList;
			buildConfigurations = (
				A3B1A7BF1A7D5E3C00E82547 /* Debug */,
				A3B1A7C01A7D5E3C00E82547 /* Release */,
			);
			defaultConfigurationIsVisible = 0;
			defaultConfigurationName = Release;
		};
		A3B1A7C11A7D5E3C00E82547 /* Build configuration list for PBXNativeTarget "api" */ = {
			isa = XCConfigurationList;
			buildConfigurations = (
				A3B1A7C21A7D5E3C00E82547 /* Debug */,
				A3B1A7C31A7D5E3C00E82547 /* Release */,
			);
			defaultConfigurationIsVisible = 0;
			defaultConfigurationName = Release;
		};
		A3B1A7C41A7D5E3C00E82547 /* Build configuration list for PBXNativeTarget "apiTests" */ = {
			isa = XCConfigurationList;
			buildConfigurations = (
				A3B1A7C51A7D5E3C00E82547 /* Debug */,
				A3B1A7C61A7D5E3C00E82547 /* Release */,
			);
			defaultConfigurationIsVisible = 0;
			defaultConfigurationName = Release;
		};
/* End XCConfigurationList section */
	};
	rootObject = A3B1A7961A7D5E3C00E82547 /* Project object */;
}
