// !$*UTF8*$!
{
	archiveVersion = 1;
	classes = {
	};
	objectVersion = 46;
	objects = {

/* Begin PBXBuildFile section */
		F36FDD571AC705DC003DE14E /* main.m in Sources */ = {isa = PBXBuildFile; fileRef = F36FDD561AC705DC003DE14E /* main.m */; };
		F36FDD5A1AC705DC003DE14E /* AppDelegate.m in Sources */ = {isa = PBXBuildFile; fileRef = F36FDD591AC705DC003DE14E /* AppDelegate.m */; };
		F36FDD5D1AC705DC003DE14E /* ViewController.m in Sources */ = {isa = PBXBuildFile; fileRef = F36FDD5C1AC705DC003DE14E /* ViewController.m */; };
		F36FDD601AC705DC003DE14E /* Main.storyboard in Resources */ = {isa = PBXBuildFile; fileRef = F36FDD5E1AC705DC003DE14E /* Main.storyboard */; };
		F36FDD621AC705DC003DE14E /* Images.xcassets in Resources */ = {isa = PBXBuildFile; fileRef = F36FDD611AC705DC003DE14E /* Images.xcassets */; };
		F36FDD651AC705DC003DE14E /* LaunchScreen.xib in Resources */ = {isa = PBXBuildFile; fileRef = F36FDD631AC705DC003DE14E /* LaunchScreen.xib */; };
		F36FDD711AC705DC003DE14E /* Assignment5Tests.m in Sources */ = {isa = PBXBuildFile; fileRef = F36FDD701AC705DC003DE14E /* Assignment5Tests.m */; };
		F36FDD7E1ACA2B29003DE14E /* BLE.m in Sources */ = {isa = PBXBuildFile; fileRef = F36FDD7C1ACA2B29003DE14E /* BLE.m */; };
/* End PBXBuildFile section */

/* Begin PBXContainerItemProxy section */
		F36FDD6B1AC705DC003DE14E /* PBXContainerItemProxy */ = {
			isa = PBXContainerItemProxy;
			containerPortal = F36FDD491AC705DC003DE14E /* Project object */;
			proxyType = 1;
			remoteGlobalIDString = F36FDD501AC705DC003DE14E;
			remoteInfo = Assignment5;
		};
/* End PBXContainerItemProxy section */

/* Begin PBXFileReference section */
		F36FDD511AC705DC003DE14E /* Assignment5.app */ = {isa = PBXFileReference; explicitFileType = wrapper.application; includeInIndex = 0; path = Assignment5.app; sourceTree = BUILT_PRODUCTS_DIR; };
		F36FDD551AC705DC003DE14E /* Info.plist */ = {isa = PBXFileReference; lastKnownFileType = text.plist.xml; path = Info.plist; sourceTree = "<group>"; };
		F36FDD561AC705DC003DE14E /* main.m */ = {isa = PBXFileReference; lastKnownFileType = sourcecode.c.objc; path = main.m; sourceTree = "<group>"; };
		F36FDD581AC705DC003DE14E /* AppDelegate.h */ = {isa = PBXFileReference; lastKnownFileType = sourcecode.c.h; path = AppDelegate.h; sourceTree = "<group>"; };
		F36FDD591AC705DC003DE14E /* AppDelegate.m */ = {isa = PBXFileReference; lastKnownFileType = sourcecode.c.objc; path = AppDelegate.m; sourceTree = "<group>"; };
		F36FDD5B1AC705DC003DE14E /* ViewController.h */ = {isa = PBXFileReference; lastKnownFileType = sourcecode.c.h; path = ViewController.h; sourceTree = "<group>"; };
		F36FDD5C1AC705DC003DE14E /* ViewController.m */ = {isa = PBXFileReference; indentWidth = 4; lastKnownFileType = sourcecode.c.objc; path = ViewController.m; sourceTree = "<group>"; tabWidth = 4; usesTabs = 0; };
		F36FDD5F1AC705DC003DE14E /* Base */ = {isa = PBXFileReference; lastKnownFileType = file.storyboard; name = Base; path = Base.lproj/Main.storyboard; sourceTree = "<group>"; };
		F36FDD611AC705DC003DE14E /* Images.xcassets */ = {isa = PBXFileReference; lastKnownFileType = folder.assetcatalog; path = Images.xcassets; sourceTree = "<group>"; };
		F36FDD641AC705DC003DE14E /* Base */ = {isa = PBXFileReference; lastKnownFileType = file.xib; name = Base; path = Base.lproj/LaunchScreen.xib; sourceTree = "<group>"; };
		F36FDD6A1AC705DC003DE14E /* Assignment5Tests.xctest */ = {isa = PBXFileReference; explicitFileType = wrapper.cfbundle; includeInIndex = 0; path = Assignment5Tests.xctest; sourceTree = BUILT_PRODUCTS_DIR; };
		F36FDD6F1AC705DC003DE14E /* Info.plist */ = {isa = PBXFileReference; lastKnownFileType = text.plist.xml; path = Info.plist; sourceTree = "<group>"; };
		F36FDD701AC705DC003DE14E /* Assignment5Tests.m */ = {isa = PBXFileReference; lastKnownFileType = sourcecode.c.objc; path = Assignment5Tests.m; sourceTree = "<group>"; };
		F36FDD7B1ACA2B29003DE14E /* BLE.h */ = {isa = PBXFileReference; fileEncoding = 4; lastKnownFileType = sourcecode.c.h; path = BLE.h; sourceTree = "<group>"; };
		F36FDD7C1ACA2B29003DE14E /* BLE.m */ = {isa = PBXFileReference; fileEncoding = 4; lastKnownFileType = sourcecode.c.objc; path = BLE.m; sourceTree = "<group>"; };
		F36FDD7D1ACA2B29003DE14E /* BLEDefines.h */ = {isa = PBXFileReference; fileEncoding = 4; lastKnownFileType = sourcecode.c.h; path = BLEDefines.h; sourceTree = "<group>"; };
/* End PBXFileReference section */

/* Begin PBXFrameworksBuildPhase section */
		F36FDD4E1AC705DC003DE14E /* Frameworks */ = {
			isa = PBXFrameworksBuildPhase;
			buildActionMask = 2147483647;
			files = (
			);
			runOnlyForDeploymentPostprocessing = 0;
		};
		F36FDD671AC705DC003DE14E /* Frameworks */ = {
			isa = PBXFrameworksBuildPhase;
			buildActionMask = 2147483647;
			files = (
			);
			runOnlyForDeploymentPostprocessing = 0;
		};
/* End PBXFrameworksBuildPhase section */

/* Begin PBXGroup section */
		F36FDD481AC705DC003DE14E = {
			isa = PBXGroup;
			children = (
				F36FDD531AC705DC003DE14E /* Assignment5 */,
				F36FDD6D1AC705DC003DE14E /* Assignment5Tests */,
				F36FDD521AC705DC003DE14E /* Products */,
				F36FDD7A1ACA2B29003DE14E /* BLE */,
			);
			sourceTree = "<group>";
		};
		F36FDD521AC705DC003DE14E /* Products */ = {
			isa = PBXGroup;
			children = (
				F36FDD511AC705DC003DE14E /* Assignment5.app */,
				F36FDD6A1AC705DC003DE14E /* Assignment5Tests.xctest */,
			);
			name = Products;
			sourceTree = "<group>";
		};
		F36FDD531AC705DC003DE14E /* Assignment5 */ = {
			isa = PBXGroup;
			children = (
				F36FDD581AC705DC003DE14E /* AppDelegate.h */,
				F36FDD591AC705DC003DE14E /* AppDelegate.m */,
				F36FDD5B1AC705DC003DE14E /* ViewController.h */,
				F36FDD5C1AC705DC003DE14E /* ViewController.m */,
				F36FDD5E1AC705DC003DE14E /* Main.storyboard */,
				F36FDD611AC705DC003DE14E /* Images.xcassets */,
				F36FDD631AC705DC003DE14E /* LaunchScreen.xib */,
				F36FDD541AC705DC003DE14E /* Supporting Files */,
			);
			path = Assignment5;
			sourceTree = "<group>";
		};
		F36FDD541AC705DC003DE14E /* Supporting Files */ = {
			isa = PBXGroup;
			children = (
				F36FDD551AC705DC003DE14E /* Info.plist */,
				F36FDD561AC705DC003DE14E /* main.m */,
			);
			name = "Supporting Files";
			sourceTree = "<group>";
		};
		F36FDD6D1AC705DC003DE14E /* Assignment5Tests */ = {
			isa = PBXGroup;
			children = (
				F36FDD701AC705DC003DE14E /* Assignment5Tests.m */,
				F36FDD6E1AC705DC003DE14E /* Supporting Files */,
			);
			path = Assignment5Tests;
			sourceTree = "<group>";
		};
		F36FDD6E1AC705DC003DE14E /* Supporting Files */ = {
			isa = PBXGroup;
			children = (
				F36FDD6F1AC705DC003DE14E /* Info.plist */,
			);
			name = "Supporting Files";
			sourceTree = "<group>";
		};
		F36FDD7A1ACA2B29003DE14E /* BLE */ = {
			isa = PBXGroup;
			children = (
				F36FDD7B1ACA2B29003DE14E /* BLE.h */,
				F36FDD7C1ACA2B29003DE14E /* BLE.m */,
				F36FDD7D1ACA2B29003DE14E /* BLEDefines.h */,
			);
			path = BLE;
			sourceTree = "<group>";
		};
/* End PBXGroup section */

/* Begin PBXNativeTarget section */
		F36FDD501AC705DC003DE14E /* Assignment5 */ = {
			isa = PBXNativeTarget;
			buildConfigurationList = F36FDD741AC705DC003DE14E /* Build configuration list for PBXNativeTarget "Assignment5" */;
			buildPhases = (
				F36FDD4D1AC705DC003DE14E /* Sources */,
				F36FDD4E1AC705DC003DE14E /* Frameworks */,
				F36FDD4F1AC705DC003DE14E /* Resources */,
			);
			buildRules = (
			);
			dependencies = (
			);
			name = Assignment5;
			productName = Assignment5;
			productReference = F36FDD511AC705DC003DE14E /* Assignment5.app */;
			productType = "com.apple.product-type.application";
		};
		F36FDD691AC705DC003DE14E /* Assignment5Tests */ = {
			isa = PBXNativeTarget;
			buildConfigurationList = F36FDD771AC705DC003DE14E /* Build configuration list for PBXNativeTarget "Assignment5Tests" */;
			buildPhases = (
				F36FDD661AC705DC003DE14E /* Sources */,
				F36FDD671AC705DC003DE14E /* Frameworks */,
				F36FDD681AC705DC003DE14E /* Resources */,
			);
			buildRules = (
			);
			dependencies = (
				F36FDD6C1AC705DC003DE14E /* PBXTargetDependency */,
			);
			name = Assignment5Tests;
			productName = Assignment5Tests;
			productReference = F36FDD6A1AC705DC003DE14E /* Assignment5Tests.xctest */;
			productType = "com.apple.product-type.bundle.unit-test";
		};
/* End PBXNativeTarget section */

/* Begin PBXProject section */
		F36FDD491AC705DC003DE14E /* Project object */ = {
			isa = PBXProject;
			attributes = {
				LastUpgradeCheck = 0620;
				ORGANIZATIONNAME = "Elena Villamil";
				TargetAttributes = {
					F36FDD501AC705DC003DE14E = {
						CreatedOnToolsVersion = 6.2;
					};
					F36FDD691AC705DC003DE14E = {
						CreatedOnToolsVersion = 6.2;
						TestTargetID = F36FDD501AC705DC003DE14E;
					};
				};
			};
			buildConfigurationList = F36FDD4C1AC705DC003DE14E /* Build configuration list for PBXProject "Assignment5" */;
			compatibilityVersion = "Xcode 3.2";
			developmentRegion = English;
			hasScannedForEncodings = 0;
			knownRegions = (
				en,
				Base,
			);
			mainGroup = F36FDD481AC705DC003DE14E;
			productRefGroup = F36FDD521AC705DC003DE14E /* Products */;
			projectDirPath = "";
			projectRoot = "";
			targets = (
				F36FDD501AC705DC003DE14E /* Assignment5 */,
				F36FDD691AC705DC003DE14E /* Assignment5Tests */,
			);
		};
/* End PBXProject section */

/* Begin PBXResourcesBuildPhase section */
		F36FDD4F1AC705DC003DE14E /* Resources */ = {
			isa = PBXResourcesBuildPhase;
			buildActionMask = 2147483647;
			files = (
				F36FDD601AC705DC003DE14E /* Main.storyboard in Resources */,
				F36FDD651AC705DC003DE14E /* LaunchScreen.xib in Resources */,
				F36FDD621AC705DC003DE14E /* Images.xcassets in Resources */,
			);
			runOnlyForDeploymentPostprocessing = 0;
		};
		F36FDD681AC705DC003DE14E /* Resources */ = {
			isa = PBXResourcesBuildPhase;
			buildActionMask = 2147483647;
			files = (
			);
			runOnlyForDeploymentPostprocessing = 0;
		};
/* End PBXResourcesBuildPhase section */

/* Begin PBXSourcesBuildPhase section */
		F36FDD4D1AC705DC003DE14E /* Sources */ = {
			isa = PBXSourcesBuildPhase;
			buildActionMask = 2147483647;
			files = (
				F36FDD5D1AC705DC003DE14E /* ViewController.m in Sources */,
				F36FDD5A1AC705DC003DE14E /* AppDelegate.m in Sources */,
				F36FDD571AC705DC003DE14E /* main.m in Sources */,
				F36FDD7E1ACA2B29003DE14E /* BLE.m in Sources */,
			);
			runOnlyForDeploymentPostprocessing = 0;
		};
		F36FDD661AC705DC003DE14E /* Sources */ = {
			isa = PBXSourcesBuildPhase;
			buildActionMask = 2147483647;
			files = (
				F36FDD711AC705DC003DE14E /* Assignment5Tests.m in Sources */,
			);
			runOnlyForDeploymentPostprocessing = 0;
		};
/* End PBXSourcesBuildPhase section */

/* Begin PBXTargetDependency section */
		F36FDD6C1AC705DC003DE14E /* PBXTargetDependency */ = {
			isa = PBXTargetDependency;
			target = F36FDD501AC705DC003DE14E /* Assignment5 */;
			targetProxy = F36FDD6B1AC705DC003DE14E /* PBXContainerItemProxy */;
		};
/* End PBXTargetDependency section */

/* Begin PBXVariantGroup section */
		F36FDD5E1AC705DC003DE14E /* Main.storyboard */ = {
			isa = PBXVariantGroup;
			children = (
				F36FDD5F1AC705DC003DE14E /* Base */,
			);
			name = Main.storyboard;
			sourceTree = "<group>";
		};
		F36FDD631AC705DC003DE14E /* LaunchScreen.xib */ = {
			isa = PBXVariantGroup;
			children = (
				F36FDD641AC705DC003DE14E /* Base */,
			);
			name = LaunchScreen.xib;
			sourceTree = "<group>";
		};
/* End PBXVariantGroup section */

/* Begin XCBuildConfiguration section */
		F36FDD721AC705DC003DE14E /* Debug */ = {
			isa = XCBuildConfiguration;
			buildSettings = {
				ALWAYS_SEARCH_USER_PATHS = NO;
				CLANG_CXX_LANGUAGE_STANDARD = "gnu++0x";
				CLANG_CXX_LIBRARY = "libc++";
				CLANG_ENABLE_MODULES = YES;
				CLANG_ENABLE_OBJC_ARC = YES;
				CLANG_WARN_BOOL_CONVERSION = YES;
				CLANG_WARN_CONSTANT_CONVERSION = YES;
				CLANG_WARN_DIRECT_OBJC_ISA_USAGE = YES_ERROR;
				CLANG_WARN_EMPTY_BODY = YES;
				CLANG_WARN_ENUM_CONVERSION = YES;
				CLANG_WARN_INT_CONVERSION = YES;
				CLANG_WARN_OBJC_ROOT_CLASS = YES_ERROR;
				CLANG_WARN_UNREACHABLE_CODE = YES;
				CLANG_WARN__DUPLICATE_METHOD_MATCH = YES;
				"CODE_SIGN_IDENTITY[sdk=iphoneos*]" = "iPhone Developer";
				COPY_PHASE_STRIP = NO;
				ENABLE_STRICT_OBJC_MSGSEND = YES;
				GCC_C_LANGUAGE_STANDARD = gnu99;
				GCC_DYNAMIC_NO_PIC = NO;
				GCC_OPTIMIZATION_LEVEL = 0;
				GCC_PREPROCESSOR_DEFINITIONS = (
					"DEBUG=1",
					"$(inherited)",
				);
				GCC_SYMBOLS_PRIVATE_EXTERN = NO;
				GCC_WARN_64_TO_32_BIT_CONVERSION = YES;
				GCC_WARN_ABOUT_RETURN_TYPE = YES_ERROR;
				GCC_WARN_UNDECLARED_SELECTOR = YES;
				GCC_WARN_UNINITIALIZED_AUTOS = YES_AGGRESSIVE;
				GCC_WARN_UNUSED_FUNCTION = YES;
				GCC_WARN_UNUSED_VARIABLE = YES;
				IPHONEOS_DEPLOYMENT_TARGET = 8.2;
				MTL_ENABLE_DEBUG_INFO = YES;
				ONLY_ACTIVE_ARCH = YES;
				SDKROOT = iphoneos;
			};
			name = Debug;
		};
		F36FDD731AC705DC003DE14E /* Release */ = {
			isa = XCBuildConfiguration;
			buildSettings = {
				ALWAYS_SEARCH_USER_PATHS = NO;
				CLANG_CXX_LANGUAGE_STANDARD = "gnu++0x";
				CLANG_CXX_LIBRARY = "libc++";
				CLANG_ENABLE_MODULES = YES;
				CLANG_ENABLE_OBJC_ARC = YES;
				CLANG_WARN_BOOL_CONVERSION = YES;
				CLANG_WARN_CONSTANT_CONVERSION = YES;
				CLANG_WARN_DIRECT_OBJC_ISA_USAGE = YES_ERROR;
				CLANG_WARN_EMPTY_BODY = YES;
				CLANG_WARN_ENUM_CONVERSION = YES;
				CLANG_WARN_INT_CONVERSION = YES;
				CLANG_WARN_OBJC_ROOT_CLASS = YES_ERROR;
				CLANG_WARN_UNREACHABLE_CODE = YES;
				CLANG_WARN__DUPLICATE_METHOD_MATCH = YES;
				"CODE_SIGN_IDENTITY[sdk=iphoneos*]" = "iPhone Developer";
				COPY_PHASE_STRIP = NO;
				ENABLE_NS_ASSERTIONS = NO;
				ENABLE_STRICT_OBJC_MSGSEND = YES;
				GCC_C_LANGUAGE_STANDARD = gnu99;
				GCC_WARN_64_TO_32_BIT_CONVERSION = YES;
				GCC_WARN_ABOUT_RETURN_TYPE = YES_ERROR;
				GCC_WARN_UNDECLARED_SELECTOR = YES;
				GCC_WARN_UNINITIALIZED_AUTOS = YES_AGGRESSIVE;
				GCC_WARN_UNUSED_FUNCTION = YES;
				GCC_WARN_UNUSED_VARIABLE = YES;
				IPHONEOS_DEPLOYMENT_TARGET = 8.2;
				MTL_ENABLE_DEBUG_INFO = NO;
				SDKROOT = iphoneos;
				VALIDATE_PRODUCT = YES;
			};
			name = Release;
		};
		F36FDD751AC705DC003DE14E /* Debug */ = {
			isa = XCBuildConfiguration;
			buildSettings = {
				ASSETCATALOG_COMPILER_APPICON_NAME = AppIcon;
				INFOPLIST_FILE = Assignment5/Info.plist;
				LD_RUNPATH_SEARCH_PATHS = "$(inherited) @executable_path/Frameworks";
				PRODUCT_NAME = "$(TARGET_NAME)";
			};
			name = Debug;
		};
		F36FDD761AC705DC003DE14E /* Release */ = {
			isa = XCBuildConfiguration;
			buildSettings = {
				ASSETCATALOG_COMPILER_APPICON_NAME = AppIcon;
				INFOPLIST_FILE = Assignment5/Info.plist;
				LD_RUNPATH_SEARCH_PATHS = "$(inherited) @executable_path/Frameworks";
				PRODUCT_NAME = "$(TARGET_NAME)";
			};
			name = Release;
		};
		F36FDD781AC705DC003DE14E /* Debug */ = {
			isa = XCBuildConfiguration;
			buildSettings = {
				BUNDLE_LOADER = "$(TEST_HOST)";
				FRAMEWORK_SEARCH_PATHS = (
					"$(SDKROOT)/Developer/Library/Frameworks",
					"$(inherited)",
				);
				GCC_PREPROCESSOR_DEFINITIONS = (
					"DEBUG=1",
					"$(inherited)",
				);
				INFOPLIST_FILE = Assignment5Tests/Info.plist;
				LD_RUNPATH_SEARCH_PATHS = "$(inherited) @executable_path/Frameworks @loader_path/Frameworks";
				PRODUCT_NAME = "$(TARGET_NAME)";
				TEST_HOST = "$(BUILT_PRODUCTS_DIR)/Assignment5.app/Assignment5";
			};
			name = Debug;
		};
		F36FDD791AC705DC003DE14E /* Release */ = {
			isa = XCBuildConfiguration;
			buildSettings = {
				BUNDLE_LOADER = "$(TEST_HOST)";
				FRAMEWORK_SEARCH_PATHS = (
					"$(SDKROOT)/Developer/Library/Frameworks",
					"$(inherited)",
				);
				INFOPLIST_FILE = Assignment5Tests/Info.plist;
				LD_RUNPATH_SEARCH_PATHS = "$(inherited) @executable_path/Frameworks @loader_path/Frameworks";
				PRODUCT_NAME = "$(TARGET_NAME)";
				TEST_HOST = "$(BUILT_PRODUCTS_DIR)/Assignment5.app/Assignment5";
			};
			name = Release;
		};
/* End XCBuildConfiguration section */

/* Begin XCConfigurationList section */
		F36FDD4C1AC705DC003DE14E /* Build configuration list for PBXProject "Assignment5" */ = {
			isa = XCConfigurationList;
			buildConfigurations = (
				F36FDD721AC705DC003DE14E /* Debug */,
				F36FDD731AC705DC003DE14E /* Release */,
			);
			defaultConfigurationIsVisible = 0;
			defaultConfigurationName = Release;
		};
		F36FDD741AC705DC003DE14E /* Build configuration list for PBXNativeTarget "Assignment5" */ = {
			isa = XCConfigurationList;
			buildConfigurations = (
				F36FDD751AC705DC003DE14E /* Debug */,
				F36FDD761AC705DC003DE14E /* Release */,
			);
			defaultConfigurationIsVisible = 0;
			defaultConfigurationName = Release;
		};
		F36FDD771AC705DC003DE14E /* Build configuration list for PBXNativeTarget "Assignment5Tests" */ = {
			isa = XCConfigurationList;
			buildConfigurations = (
				F36FDD781AC705DC003DE14E /* Debug */,
				F36FDD791AC705DC003DE14E /* Release */,
			);
			defaultConfigurationIsVisible = 0;
			defaultConfigurationName = Release;
		};
/* End XCConfigurationList section */
	};
	rootObject = F36FDD491AC705DC003DE14E /* Project object */;
}
