// !$*UTF8*$!
{
	archiveVersion = 1;
	classes = {
	};
	objectVersion = 46;
	objects = {

/* Begin PBXBuildFile section */
		EA5EC2291A9C00780005CD72 /* SceneKit.framework in Frameworks */ = {isa = PBXBuildFile; fileRef = EA5EC2281A9C00780005CD72 /* SceneKit.framework */; };
		EAD901A81A9BF82F004C6E5C /* GameViewController.swift in Sources */ = {isa = PBXBuildFile; fileRef = EAD901A71A9BF82F004C6E5C /* GameViewController.swift */; };
		EAD901AC1A9BF9C1004C6E5C /* Ball.swift in Sources */ = {isa = PBXBuildFile; fileRef = EAD901AB1A9BF9C1004C6E5C /* Ball.swift */; };
		EAD9EB671A9C014200CA3DB8 /* PrimitivesScene.swift in Sources */ = {isa = PBXBuildFile; fileRef = EAD9EB661A9C014200CA3DB8 /* PrimitivesScene.swift */; };
		EAD9EB691A9EA58B00CA3DB8 /* DeathFloor.swift in Sources */ = {isa = PBXBuildFile; fileRef = EAD9EB681A9EA58B00CA3DB8 /* DeathFloor.swift */; };
		F3B663B91A9A814B004EDF3E /* AppDelegate.swift in Sources */ = {isa = PBXBuildFile; fileRef = F3B663B81A9A814B004EDF3E /* AppDelegate.swift */; };
		F3B663BB1A9A814B004EDF3E /* ViewController.swift in Sources */ = {isa = PBXBuildFile; fileRef = F3B663BA1A9A814B004EDF3E /* ViewController.swift */; };
		F3B663BE1A9A814B004EDF3E /* Main.storyboard in Resources */ = {isa = PBXBuildFile; fileRef = F3B663BC1A9A814B004EDF3E /* Main.storyboard */; };
		F3B663C01A9A814B004EDF3E /* Images.xcassets in Resources */ = {isa = PBXBuildFile; fileRef = F3B663BF1A9A814B004EDF3E /* Images.xcassets */; };
		F3B663C31A9A814B004EDF3E /* LaunchScreen.xib in Resources */ = {isa = PBXBuildFile; fileRef = F3B663C11A9A814B004EDF3E /* LaunchScreen.xib */; };
		F3B663CF1A9A814B004EDF3E /* Step_CounterTests.swift in Sources */ = {isa = PBXBuildFile; fileRef = F3B663CE1A9A814B004EDF3E /* Step_CounterTests.swift */; };
		F3B663DF1A9A88A5004EDF3E /* SettingsViewController.swift in Sources */ = {isa = PBXBuildFile; fileRef = F3B663DE1A9A88A5004EDF3E /* SettingsViewController.swift */; };
/* End PBXBuildFile section */

/* Begin PBXContainerItemProxy section */
		F3B663C91A9A814B004EDF3E /* PBXContainerItemProxy */ = {
			isa = PBXContainerItemProxy;
			containerPortal = F3B663AB1A9A814B004EDF3E /* Project object */;
			proxyType = 1;
			remoteGlobalIDString = F3B663B21A9A814B004EDF3E;
			remoteInfo = "Step Counter";
		};
/* End PBXContainerItemProxy section */

/* Begin PBXFileReference section */
		EA5EC2281A9C00780005CD72 /* SceneKit.framework */ = {isa = PBXFileReference; lastKnownFileType = wrapper.framework; name = SceneKit.framework; path = System/Library/Frameworks/SceneKit.framework; sourceTree = SDKROOT; };
		EAD901A71A9BF82F004C6E5C /* GameViewController.swift */ = {isa = PBXFileReference; fileEncoding = 4; lastKnownFileType = sourcecode.swift; path = GameViewController.swift; sourceTree = "<group>"; };
		EAD901AB1A9BF9C1004C6E5C /* Ball.swift */ = {isa = PBXFileReference; fileEncoding = 4; lastKnownFileType = sourcecode.swift; path = Ball.swift; sourceTree = "<group>"; };
		EAD9EB661A9C014200CA3DB8 /* PrimitivesScene.swift */ = {isa = PBXFileReference; fileEncoding = 4; lastKnownFileType = sourcecode.swift; path = PrimitivesScene.swift; sourceTree = "<group>"; };
		EAD9EB681A9EA58B00CA3DB8 /* DeathFloor.swift */ = {isa = PBXFileReference; fileEncoding = 4; lastKnownFileType = sourcecode.swift; path = DeathFloor.swift; sourceTree = "<group>"; };
		F3B663B31A9A814B004EDF3E /* Step Counter.app */ = {isa = PBXFileReference; explicitFileType = wrapper.application; includeInIndex = 0; path = "Step Counter.app"; sourceTree = BUILT_PRODUCTS_DIR; };
		F3B663B71A9A814B004EDF3E /* Info.plist */ = {isa = PBXFileReference; lastKnownFileType = text.plist.xml; path = Info.plist; sourceTree = "<group>"; };
		F3B663B81A9A814B004EDF3E /* AppDelegate.swift */ = {isa = PBXFileReference; lastKnownFileType = sourcecode.swift; path = AppDelegate.swift; sourceTree = "<group>"; };
		F3B663BA1A9A814B004EDF3E /* ViewController.swift */ = {isa = PBXFileReference; lastKnownFileType = sourcecode.swift; path = ViewController.swift; sourceTree = "<group>"; };
		F3B663BD1A9A814B004EDF3E /* Base */ = {isa = PBXFileReference; lastKnownFileType = file.storyboard; name = Base; path = Base.lproj/Main.storyboard; sourceTree = "<group>"; };
		F3B663BF1A9A814B004EDF3E /* Images.xcassets */ = {isa = PBXFileReference; lastKnownFileType = folder.assetcatalog; path = Images.xcassets; sourceTree = "<group>"; };
		F3B663C21A9A814B004EDF3E /* Base */ = {isa = PBXFileReference; lastKnownFileType = file.xib; name = Base; path = Base.lproj/LaunchScreen.xib; sourceTree = "<group>"; };
		F3B663C81A9A814B004EDF3E /* Step CounterTests.xctest */ = {isa = PBXFileReference; explicitFileType = wrapper.cfbundle; includeInIndex = 0; path = "Step CounterTests.xctest"; sourceTree = BUILT_PRODUCTS_DIR; };
		F3B663CD1A9A814B004EDF3E /* Info.plist */ = {isa = PBXFileReference; lastKnownFileType = text.plist.xml; path = Info.plist; sourceTree = "<group>"; };
		F3B663CE1A9A814B004EDF3E /* Step_CounterTests.swift */ = {isa = PBXFileReference; lastKnownFileType = sourcecode.swift; path = Step_CounterTests.swift; sourceTree = "<group>"; };
		F3B663DE1A9A88A5004EDF3E /* SettingsViewController.swift */ = {isa = PBXFileReference; fileEncoding = 4; lastKnownFileType = sourcecode.swift; path = SettingsViewController.swift; sourceTree = "<group>"; };
/* End PBXFileReference section */

/* Begin PBXFrameworksBuildPhase section */
		F3B663B01A9A814B004EDF3E /* Frameworks */ = {
			isa = PBXFrameworksBuildPhase;
			buildActionMask = 2147483647;
			files = (
				EA5EC2291A9C00780005CD72 /* SceneKit.framework in Frameworks */,
			);
			runOnlyForDeploymentPostprocessing = 0;
		};
		F3B663C51A9A814B004EDF3E /* Frameworks */ = {
			isa = PBXFrameworksBuildPhase;
			buildActionMask = 2147483647;
			files = (
			);
			runOnlyForDeploymentPostprocessing = 0;
		};
/* End PBXFrameworksBuildPhase section */

/* Begin PBXGroup section */
		EAD901A91A9BF83C004C6E5C /* Model */ = {
			isa = PBXGroup;
			children = (
				EAD9EB661A9C014200CA3DB8 /* PrimitivesScene.swift */,
				EAD901AB1A9BF9C1004C6E5C /* Ball.swift */,
				EAD9EB681A9EA58B00CA3DB8 /* DeathFloor.swift */,
			);
			name = Model;
			sourceTree = "<group>";
		};
		EAD901AA1A9BF845004C6E5C /* ViewControllers */ = {
			isa = PBXGroup;
			children = (
				F3B663BA1A9A814B004EDF3E /* ViewController.swift */,
				F3B663DE1A9A88A5004EDF3E /* SettingsViewController.swift */,
				EAD901A71A9BF82F004C6E5C /* GameViewController.swift */,
			);
			name = ViewControllers;
			sourceTree = "<group>";
		};
		F3B663AA1A9A814B004EDF3E = {
			isa = PBXGroup;
			children = (
				EA5EC2281A9C00780005CD72 /* SceneKit.framework */,
				F3B663B51A9A814B004EDF3E /* Step Counter */,
				F3B663CB1A9A814B004EDF3E /* Step CounterTests */,
				F3B663B41A9A814B004EDF3E /* Products */,
			);
			sourceTree = "<group>";
		};
		F3B663B41A9A814B004EDF3E /* Products */ = {
			isa = PBXGroup;
			children = (
				F3B663B31A9A814B004EDF3E /* Step Counter.app */,
				F3B663C81A9A814B004EDF3E /* Step CounterTests.xctest */,
			);
			name = Products;
			sourceTree = "<group>";
		};
		F3B663B51A9A814B004EDF3E /* Step Counter */ = {
			isa = PBXGroup;
			children = (
				EAD901AA1A9BF845004C6E5C /* ViewControllers */,
				EAD901A91A9BF83C004C6E5C /* Model */,
				F3B663B81A9A814B004EDF3E /* AppDelegate.swift */,
				F3B663BC1A9A814B004EDF3E /* Main.storyboard */,
				F3B663BF1A9A814B004EDF3E /* Images.xcassets */,
				F3B663C11A9A814B004EDF3E /* LaunchScreen.xib */,
				F3B663B61A9A814B004EDF3E /* Supporting Files */,
			);
			path = "Step Counter";
			sourceTree = "<group>";
		};
		F3B663B61A9A814B004EDF3E /* Supporting Files */ = {
			isa = PBXGroup;
			children = (
				F3B663B71A9A814B004EDF3E /* Info.plist */,
			);
			name = "Supporting Files";
			sourceTree = "<group>";
		};
		F3B663CB1A9A814B004EDF3E /* Step CounterTests */ = {
			isa = PBXGroup;
			children = (
				F3B663CE1A9A814B004EDF3E /* Step_CounterTests.swift */,
				F3B663CC1A9A814B004EDF3E /* Supporting Files */,
			);
			path = "Step CounterTests";
			sourceTree = "<group>";
		};
		F3B663CC1A9A814B004EDF3E /* Supporting Files */ = {
			isa = PBXGroup;
			children = (
				F3B663CD1A9A814B004EDF3E /* Info.plist */,
			);
			name = "Supporting Files";
			sourceTree = "<group>";
		};
/* End PBXGroup section */

/* Begin PBXNativeTarget section */
		F3B663B21A9A814B004EDF3E /* Step Counter */ = {
			isa = PBXNativeTarget;
			buildConfigurationList = F3B663D21A9A814B004EDF3E /* Build configuration list for PBXNativeTarget "Step Counter" */;
			buildPhases = (
				F3B663AF1A9A814B004EDF3E /* Sources */,
				F3B663B01A9A814B004EDF3E /* Frameworks */,
				F3B663B11A9A814B004EDF3E /* Resources */,
			);
			buildRules = (
			);
			dependencies = (
			);
			name = "Step Counter";
			productName = "Step Counter";
			productReference = F3B663B31A9A814B004EDF3E /* Step Counter.app */;
			productType = "com.apple.product-type.application";
		};
		F3B663C71A9A814B004EDF3E /* Step CounterTests */ = {
			isa = PBXNativeTarget;
			buildConfigurationList = F3B663D51A9A814B004EDF3E /* Build configuration list for PBXNativeTarget "Step CounterTests" */;
			buildPhases = (
				F3B663C41A9A814B004EDF3E /* Sources */,
				F3B663C51A9A814B004EDF3E /* Frameworks */,
				F3B663C61A9A814B004EDF3E /* Resources */,
			);
			buildRules = (
			);
			dependencies = (
				F3B663CA1A9A814B004EDF3E /* PBXTargetDependency */,
			);
			name = "Step CounterTests";
			productName = "Step CounterTests";
			productReference = F3B663C81A9A814B004EDF3E /* Step CounterTests.xctest */;
			productType = "com.apple.product-type.bundle.unit-test";
		};
/* End PBXNativeTarget section */

/* Begin PBXProject section */
		F3B663AB1A9A814B004EDF3E /* Project object */ = {
			isa = PBXProject;
			attributes = {
				LastUpgradeCheck = 0610;
				ORGANIZATIONNAME = "Elena Villamil";
				TargetAttributes = {
					F3B663B21A9A814B004EDF3E = {
						CreatedOnToolsVersion = 6.1.1;
					};
					F3B663C71A9A814B004EDF3E = {
						CreatedOnToolsVersion = 6.1.1;
						TestTargetID = F3B663B21A9A814B004EDF3E;
					};
				};
			};
			buildConfigurationList = F3B663AE1A9A814B004EDF3E /* Build configuration list for PBXProject "Step Counter" */;
			compatibilityVersion = "Xcode 3.2";
			developmentRegion = English;
			hasScannedForEncodings = 0;
			knownRegions = (
				en,
				Base,
			);
			mainGroup = F3B663AA1A9A814B004EDF3E;
			productRefGroup = F3B663B41A9A814B004EDF3E /* Products */;
			projectDirPath = "";
			projectRoot = "";
			targets = (
				F3B663B21A9A814B004EDF3E /* Step Counter */,
				F3B663C71A9A814B004EDF3E /* Step CounterTests */,
			);
		};
/* End PBXProject section */

/* Begin PBXResourcesBuildPhase section */
		F3B663B11A9A814B004EDF3E /* Resources */ = {
			isa = PBXResourcesBuildPhase;
			buildActionMask = 2147483647;
			files = (
				F3B663BE1A9A814B004EDF3E /* Main.storyboard in Resources */,
				F3B663C31A9A814B004EDF3E /* LaunchScreen.xib in Resources */,
				F3B663C01A9A814B004EDF3E /* Images.xcassets in Resources */,
			);
			runOnlyForDeploymentPostprocessing = 0;
		};
		F3B663C61A9A814B004EDF3E /* Resources */ = {
			isa = PBXResourcesBuildPhase;
			buildActionMask = 2147483647;
			files = (
			);
			runOnlyForDeploymentPostprocessing = 0;
		};
/* End PBXResourcesBuildPhase section */

/* Begin PBXSourcesBuildPhase section */
		F3B663AF1A9A814B004EDF3E /* Sources */ = {
			isa = PBXSourcesBuildPhase;
			buildActionMask = 2147483647;
			files = (
				EAD901A81A9BF82F004C6E5C /* GameViewController.swift in Sources */,
				F3B663BB1A9A814B004EDF3E /* ViewController.swift in Sources */,
				EAD9EB671A9C014200CA3DB8 /* PrimitivesScene.swift in Sources */,
				EAD901AC1A9BF9C1004C6E5C /* Ball.swift in Sources */,
				EAD9EB691A9EA58B00CA3DB8 /* DeathFloor.swift in Sources */,
				F3B663B91A9A814B004EDF3E /* AppDelegate.swift in Sources */,
				F3B663DF1A9A88A5004EDF3E /* SettingsViewController.swift in Sources */,
			);
			runOnlyForDeploymentPostprocessing = 0;
		};
		F3B663C41A9A814B004EDF3E /* Sources */ = {
			isa = PBXSourcesBuildPhase;
			buildActionMask = 2147483647;
			files = (
				F3B663CF1A9A814B004EDF3E /* Step_CounterTests.swift in Sources */,
			);
			runOnlyForDeploymentPostprocessing = 0;
		};
/* End PBXSourcesBuildPhase section */

/* Begin PBXTargetDependency section */
		F3B663CA1A9A814B004EDF3E /* PBXTargetDependency */ = {
			isa = PBXTargetDependency;
			target = F3B663B21A9A814B004EDF3E /* Step Counter */;
			targetProxy = F3B663C91A9A814B004EDF3E /* PBXContainerItemProxy */;
		};
/* End PBXTargetDependency section */

/* Begin PBXVariantGroup section */
		F3B663BC1A9A814B004EDF3E /* Main.storyboard */ = {
			isa = PBXVariantGroup;
			children = (
				F3B663BD1A9A814B004EDF3E /* Base */,
			);
			name = Main.storyboard;
			sourceTree = "<group>";
		};
		F3B663C11A9A814B004EDF3E /* LaunchScreen.xib */ = {
			isa = PBXVariantGroup;
			children = (
				F3B663C21A9A814B004EDF3E /* Base */,
			);
			name = LaunchScreen.xib;
			sourceTree = "<group>";
		};
/* End PBXVariantGroup section */

/* Begin XCBuildConfiguration section */
		F3B663D01A9A814B004EDF3E /* Debug */ = {
			isa = XCBuildConfiguration;
			buildSettings = {
				ALWAYS_SEARCH_USER_PATHS = NO;
				CLANG_CXX_LANGUAGE_STANDARD = "gnu++0x";
				CLANG_CXX_LIBRARY = "libc++";
				CLANG_ENABLE_MODULES = YES;
				CLANG_ENABLE_OBJC_ARC = YES;
				CLANG_WARN_BOOL_CONVERSION = YES;
				CLANG_WARN_CONSTANT_CONVERSION = YES;
				CLANG_WARN_DIRECT_OBJC_ISA_USAGE = YES_ERROR;
				CLANG_WARN_EMPTY_BODY = YES;
				CLANG_WARN_ENUM_CONVERSION = YES;
				CLANG_WARN_INT_CONVERSION = YES;
				CLANG_WARN_OBJC_ROOT_CLASS = YES_ERROR;
				CLANG_WARN_UNREACHABLE_CODE = YES;
				CLANG_WARN__DUPLICATE_METHOD_MATCH = YES;
				"CODE_SIGN_IDENTITY[sdk=iphoneos*]" = "iPhone Developer";
				COPY_PHASE_STRIP = NO;
				ENABLE_STRICT_OBJC_MSGSEND = YES;
				GCC_C_LANGUAGE_STANDARD = gnu99;
				GCC_DYNAMIC_NO_PIC = NO;
				GCC_OPTIMIZATION_LEVEL = 0;
				GCC_PREPROCESSOR_DEFINITIONS = (
					"DEBUG=1",
					"$(inherited)",
				);
				GCC_SYMBOLS_PRIVATE_EXTERN = NO;
				GCC_WARN_64_TO_32_BIT_CONVERSION = YES;
				GCC_WARN_ABOUT_RETURN_TYPE = YES_ERROR;
				GCC_WARN_UNDECLARED_SELECTOR = YES;
				GCC_WARN_UNINITIALIZED_AUTOS = YES_AGGRESSIVE;
				GCC_WARN_UNUSED_FUNCTION = YES;
				GCC_WARN_UNUSED_VARIABLE = YES;
				IPHONEOS_DEPLOYMENT_TARGET = 8.1;
				MTL_ENABLE_DEBUG_INFO = YES;
				ONLY_ACTIVE_ARCH = YES;
				SDKROOT = iphoneos;
				SWIFT_OPTIMIZATION_LEVEL = "-Onone";
			};
			name = Debug;
		};
		F3B663D11A9A814B004EDF3E /* Release */ = {
			isa = XCBuildConfiguration;
			buildSettings = {
				ALWAYS_SEARCH_USER_PATHS = NO;
				CLANG_CXX_LANGUAGE_STANDARD = "gnu++0x";
				CLANG_CXX_LIBRARY = "libc++";
				CLANG_ENABLE_MODULES = YES;
				CLANG_ENABLE_OBJC_ARC = YES;
				CLANG_WARN_BOOL_CONVERSION = YES;
				CLANG_WARN_CONSTANT_CONVERSION = YES;
				CLANG_WARN_DIRECT_OBJC_ISA_USAGE = YES_ERROR;
				CLANG_WARN_EMPTY_BODY = YES;
				CLANG_WARN_ENUM_CONVERSION = YES;
				CLANG_WARN_INT_CONVERSION = YES;
				CLANG_WARN_OBJC_ROOT_CLASS = YES_ERROR;
				CLANG_WARN_UNREACHABLE_CODE = YES;
				CLANG_WARN__DUPLICATE_METHOD_MATCH = YES;
				"CODE_SIGN_IDENTITY[sdk=iphoneos*]" = "iPhone Developer";
				COPY_PHASE_STRIP = YES;
				ENABLE_NS_ASSERTIONS = NO;
				ENABLE_STRICT_OBJC_MSGSEND = YES;
				GCC_C_LANGUAGE_STANDARD = gnu99;
				GCC_WARN_64_TO_32_BIT_CONVERSION = YES;
				GCC_WARN_ABOUT_RETURN_TYPE = YES_ERROR;
				GCC_WARN_UNDECLARED_SELECTOR = YES;
				GCC_WARN_UNINITIALIZED_AUTOS = YES_AGGRESSIVE;
				GCC_WARN_UNUSED_FUNCTION = YES;
				GCC_WARN_UNUSED_VARIABLE = YES;
				IPHONEOS_DEPLOYMENT_TARGET = 8.1;
				MTL_ENABLE_DEBUG_INFO = NO;
				SDKROOT = iphoneos;
				VALIDATE_PRODUCT = YES;
			};
			name = Release;
		};
		F3B663D31A9A814B004EDF3E /* Debug */ = {
			isa = XCBuildConfiguration;
			buildSettings = {
				ASSETCATALOG_COMPILER_APPICON_NAME = AppIcon;
				INFOPLIST_FILE = "Step Counter/Info.plist";
				LD_RUNPATH_SEARCH_PATHS = "$(inherited) @executable_path/Frameworks";
				PRODUCT_NAME = "$(TARGET_NAME)";
			};
			name = Debug;
		};
		F3B663D41A9A814B004EDF3E /* Release */ = {
			isa = XCBuildConfiguration;
			buildSettings = {
				ASSETCATALOG_COMPILER_APPICON_NAME = AppIcon;
				INFOPLIST_FILE = "Step Counter/Info.plist";
				LD_RUNPATH_SEARCH_PATHS = "$(inherited) @executable_path/Frameworks";
				PRODUCT_NAME = "$(TARGET_NAME)";
			};
			name = Release;
		};
		F3B663D61A9A814B004EDF3E /* Debug */ = {
			isa = XCBuildConfiguration;
			buildSettings = {
				BUNDLE_LOADER = "$(TEST_HOST)";
				FRAMEWORK_SEARCH_PATHS = (
					"$(SDKROOT)/Developer/Library/Frameworks",
					"$(inherited)",
				);
				GCC_PREPROCESSOR_DEFINITIONS = (
					"DEBUG=1",
					"$(inherited)",
				);
				INFOPLIST_FILE = "Step CounterTests/Info.plist";
				LD_RUNPATH_SEARCH_PATHS = "$(inherited) @executable_path/Frameworks @loader_path/Frameworks";
				PRODUCT_NAME = "$(TARGET_NAME)";
				TEST_HOST = "$(BUILT_PRODUCTS_DIR)/Step Counter.app/Step Counter";
			};
			name = Debug;
		};
		F3B663D71A9A814B004EDF3E /* Release */ = {
			isa = XCBuildConfiguration;
			buildSettings = {
				BUNDLE_LOADER = "$(TEST_HOST)";
				FRAMEWORK_SEARCH_PATHS = (
					"$(SDKROOT)/Developer/Library/Frameworks",
					"$(inherited)",
				);
				INFOPLIST_FILE = "Step CounterTests/Info.plist";
				LD_RUNPATH_SEARCH_PATHS = "$(inherited) @executable_path/Frameworks @loader_path/Frameworks";
				PRODUCT_NAME = "$(TARGET_NAME)";
				TEST_HOST = "$(BUILT_PRODUCTS_DIR)/Step Counter.app/Step Counter";
			};
			name = Release;
		};
/* End XCBuildConfiguration section */

/* Begin XCConfigurationList section */
		F3B663AE1A9A814B004EDF3E /* Build configuration list for PBXProject "Step Counter" */ = {
			isa = XCConfigurationList;
			buildConfigurations = (
				F3B663D01A9A814B004EDF3E /* Debug */,
				F3B663D11A9A814B004EDF3E /* Release */,
			);
			defaultConfigurationIsVisible = 0;
			defaultConfigurationName = Release;
		};
		F3B663D21A9A814B004EDF3E /* Build configuration list for PBXNativeTarget "Step Counter" */ = {
			isa = XCConfigurationList;
			buildConfigurations = (
				F3B663D31A9A814B004EDF3E /* Debug */,
				F3B663D41A9A814B004EDF3E /* Release */,
			);
			defaultConfigurationIsVisible = 0;
			defaultConfigurationName = Release;
		};
		F3B663D51A9A814B004EDF3E /* Build configuration list for PBXNativeTarget "Step CounterTests" */ = {
			isa = XCConfigurationList;
			buildConfigurations = (
				F3B663D61A9A814B004EDF3E /* Debug */,
				F3B663D71A9A814B004EDF3E /* Release */,
			);
			defaultConfigurationIsVisible = 0;
			defaultConfigurationName = Release;
		};
/* End XCConfigurationList section */
	};
	rootObject = F3B663AB1A9A814B004EDF3E /* Project object */;
}
